github.com/go-chi/chi/v5 v5.1.0 h1:acVI1TmefqlyspFlUSLtXklAt3ix/JF858GRzdePw1E=
github.com/go-chi/chi/v5 v5.1.0/go.mod h1:DslCQbL2OYiznFReuXYUmovuv+y9py7kiRMKNnKG4o4=
github.com/jackc/pgpassfile v1.0.0 h1:/6Hmqy13Ss2zCq62VdNG8px6/WhcbmR3iXNsbD9u/IE=
github.com/jackc/pgpassfile v1.0.0/go.mod h1:CEx0iS5ambNFdcRtxPj5JhEz+xB6uRky5eyVu/W2HEg=
github.com/jackc/pgservicefile v0.0.0-20240606120523-5a60cdf6a761 h1:iCEnooe7UlwOQYpKFhBabsxsnNEnpXe9z8k50UFqo3Y=
github.com/jackc/pgservicefile v0.0.0-20240606120523-5a60cdf6a761/go.mod h1:5DbPExciBAjpBqxHVbbbZJU/QAEzMa1K1BtjAP3UqgU=
github.com/jackc/pgx/v5 v5.7.2 h1:mLoDLV6sonKlvjIEsV56SkWNCnuNv531l94GaIzO+CY=
github.com/jackc/pgx/v5 v5.7.2/go.mod h1:ncY89CVQeDJoAgMn5nqQxJogg27j8tXxWJkG3cP4s5I=
github.com/jackc/puddle/v2 v2.2.2 h1:PR5hBZZ3GW4yWDJEFNDCkpF2/HaW4tOFoMQDZxl8BxI=
github.com/jackc/puddle/v2 v2.2.2/go.mod h1:OcD7BqajdtqkaASd5dAcp9tXBikLSP8eFIKFYEo8WJI=
golang.org/x/crypto v0.31.0 h1:NmFkS+es0ls12Lh4VqnFzsWsg+9gwZs7cQLQvQ6SZFc=
golang.org/x/crypto v0.31.0/go.mod h1:kDsLvtWBEx7MV9tJOj9bnXsPbxwJQ6csT/x4KIN4Ssk=
golang.org/x/sync v0.10.0 h1:3NQrjDixjgGwUOCaF8w2+VYHv0Ve/vGYSbdkTa98gmQ=
golang.org/x/sync v0.10.0/go.mod h1:Czt+wKu1gCyEFDUtn0jG5QVvpJ6rzVqr5aXyt9drQfk=
golang.org/x/text v0.21.0 h1:zyQAAkrwaneQ066sspRyJaG9VNi/YJ1NfILE0hdNubb=
golang.org/x/text v0.21.0/go.mod h1:4SwjeW/jFxB3QxZVSAQJjUTyn8rTA8QMWokdSAKK6uE=
